
Microsoft Visual Studio Solution File, Format Version 12.00
# Visual Studio 15
VisualStudioVersion = 15.0.28307.572
MinimumVisualStudioVersion = 10.0.40219.1
Project("{FAE04EC0-301F-11D3-BF4B-00C04F79EFBC}") = "EmptyBot1", "EmptyBot1\EmptyBot1.csproj", "{77F5BD0D-4DE1-4F4D-968E-3267EF70A61B}"
EndProject
Global
	GlobalSection(SolutionConfigurationPlatforms) = preSolution
		Debug|Any CPU = Debug|Any CPU
		Release|Any CPU = Release|Any CPU
	EndGlobalSection
	GlobalSection(ProjectConfigurationPlatforms) = postSolution
		{77F5BD0D-4DE1-4F4D-968E-3267EF70A61B}.Debug|Any CPU.ActiveCfg = Debug|Any CPU
		{77F5BD0D-4DE1-4F4D-968E-3267EF70A61B}.Debug|Any CPU.Build.0 = Debug|Any CPU
		{77F5BD0D-4DE1-4F4D-968E-3267EF70A61B}.Release|Any CPU.ActiveCfg = Release|Any CPU
		{77F5BD0D-4DE1-4F4D-968E-3267EF70A61B}.Release|Any CPU.Build.0 = Release|Any CPU
	EndGlobalSection
	GlobalSection(SolutionProperties) = preSolution
		HideSolutionNode = FALSE
	EndGlobalSection
	GlobalSection(ExtensibilityGlobals) = postSolution
		SolutionGuid = {4392E68F-3C65-4E48-8C02-771E18AA4FAF}
	EndGlobalSection
EndGlobal
